// !$*UTF8*$!
{
	archiveVersion = 1;
	classes = {
	};
	objectVersion = 56;
	objects = {

/* Begin PBXBuildFile section */
		161AA7092B0CD1C7008A59CE /* ImageSlider.swift in Sources */ = {isa = PBXBuildFile; fileRef = 161AA7082B0CD1C7008A59CE /* ImageSlider.swift */; };
		161AA70B2B0E1B6B008A59CE /* TermTutorialView.swift in Sources */ = {isa = PBXBuildFile; fileRef = 161AA70A2B0E1B6B008A59CE /* TermTutorialView.swift */; };
		161AA70D2B0E1D2B008A59CE /* PatternTutorialView.swift in Sources */ = {isa = PBXBuildFile; fileRef = 161AA70C2B0E1D2B008A59CE /* PatternTutorialView.swift */; };
		161AA70F2B0E1EB3008A59CE /* YarnTutorialListView.swift in Sources */ = {isa = PBXBuildFile; fileRef = 161AA70E2B0E1EB3008A59CE /* YarnTutorialListView.swift */; };
		161AA7112B14800A008A59CE /* MiniTag.swift in Sources */ = {isa = PBXBuildFile; fileRef = 161AA7102B14800A008A59CE /* MiniTag.swift */; };
		161AA7152B1492CF008A59CE /* WrappingHStack in Frameworks */ = {isa = PBXBuildFile; productRef = 161AA7142B1492CF008A59CE /* WrappingHStack */; };
		16BF34DA2B0B31BF0036424B /* LoopinApp.swift in Sources */ = {isa = PBXBuildFile; fileRef = 16BF34D92B0B31BF0036424B /* LoopinApp.swift */; };
		16BF34DC2B0B31BF0036424B /* ContentView.swift in Sources */ = {isa = PBXBuildFile; fileRef = 16BF34DB2B0B31BF0036424B /* ContentView.swift */; };
		16BF34DE2B0B31C00036424B /* Assets.xcassets in Resources */ = {isa = PBXBuildFile; fileRef = 16BF34DD2B0B31C00036424B /* Assets.xcassets */; };
		16BF34E12B0B31C00036424B /* Preview Assets.xcassets in Resources */ = {isa = PBXBuildFile; fileRef = 16BF34E02B0B31C00036424B /* Preview Assets.xcassets */; };
		16BF34E32B0B31C00036424B /* Persistence.swift in Sources */ = {isa = PBXBuildFile; fileRef = 16BF34E22B0B31C00036424B /* Persistence.swift */; };
		16BF34E62B0B31C00036424B /* Loopin.xcdatamodeld in Sources */ = {isa = PBXBuildFile; fileRef = 16BF34E42B0B31C00036424B /* Loopin.xcdatamodeld */; };
		16BF34ED2B0B33080036424B /* WelcomePage.swift in Sources */ = {isa = PBXBuildFile; fileRef = 16BF34EC2B0B33080036424B /* WelcomePage.swift */; };
		16C4D5052B36C44A007880DF /* Accordion.swift in Sources */ = {isa = PBXBuildFile; fileRef = 16C4D5042B36C44A007880DF /* Accordion.swift */; };
		16C4D5072B36D6FA007880DF /* Numbering.swift in Sources */ = {isa = PBXBuildFile; fileRef = 16C4D5062B36D6FA007880DF /* Numbering.swift */; };
		16C4D5092B36DD14007880DF /* CommentView.swift in Sources */ = {isa = PBXBuildFile; fileRef = 16C4D5082B36DD14007880DF /* CommentView.swift */; };
		16C4D50B2B36DDD0007880DF /* CommentCard.swift in Sources */ = {isa = PBXBuildFile; fileRef = 16C4D50A2B36DDD0007880DF /* CommentCard.swift */; };
		16C4D50E2B37770C007880DF /* ProjectCard.swift in Sources */ = {isa = PBXBuildFile; fileRef = 16C4D50D2B37770C007880DF /* ProjectCard.swift */; };
		16C4D5402B45855A007880DF /* CurrentProjectView.swift in Sources */ = {isa = PBXBuildFile; fileRef = 16C4D53F2B45855A007880DF /* CurrentProjectView.swift */; };
		16EEB2572B0BBE7300C340D1 /* ShortTextField.swift in Sources */ = {isa = PBXBuildFile; fileRef = 16EEB2562B0BBE7300C340D1 /* ShortTextField.swift */; };
		16EEB2592B0BC53200C340D1 /* PostForumView.swift in Sources */ = {isa = PBXBuildFile; fileRef = 16EEB2582B0BC53200C340D1 /* PostForumView.swift */; };
		16EEB25B2B0BC66900C340D1 /* LongTextField.swift in Sources */ = {isa = PBXBuildFile; fileRef = 16EEB25A2B0BC66900C340D1 /* LongTextField.swift */; };
		16EEB25D2B0BD2E600C340D1 /* ProjectDetailView.swift in Sources */ = {isa = PBXBuildFile; fileRef = 16EEB25C2B0BD2E600C340D1 /* ProjectDetailView.swift */; };
		16EEB25F2B0BD56500C340D1 /* DetailProjectCard.swift in Sources */ = {isa = PBXBuildFile; fileRef = 16EEB25E2B0BD56500C340D1 /* DetailProjectCard.swift */; };
		16EEB2612B0BDB4000C340D1 /* ProjectPartCard.swift in Sources */ = {isa = PBXBuildFile; fileRef = 16EEB2602B0BDB4000C340D1 /* ProjectPartCard.swift */; };
		16EEB2632B0BE49400C340D1 /* ProjectInfoView.swift in Sources */ = {isa = PBXBuildFile; fileRef = 16EEB2622B0BE49400C340D1 /* ProjectInfoView.swift */; };
		16EEB2652B0BE55900C340D1 /* ProgressBar.swift in Sources */ = {isa = PBXBuildFile; fileRef = 16EEB2642B0BE55900C340D1 /* ProgressBar.swift */; };
		16EEB2672B0BE76C00C340D1 /* SampleInfoView-UNUSED.swift in Sources */ = {isa = PBXBuildFile; fileRef = 16EEB2662B0BE76C00C340D1 /* SampleInfoView-UNUSED.swift */; };
		16EEB2692B0BE82400C340D1 /* ProjectPartView.swift in Sources */ = {isa = PBXBuildFile; fileRef = 16EEB2682B0BE82400C340D1 /* ProjectPartView.swift */; };
		16EEB26B2B0BEB7100C340D1 /* ProjectPartInputCard.swift in Sources */ = {isa = PBXBuildFile; fileRef = 16EEB26A2B0BEB7100C340D1 /* ProjectPartInputCard.swift */; };
		16EEB26D2B0BEF7700C340D1 /* ProjectOverviewView.swift in Sources */ = {isa = PBXBuildFile; fileRef = 16EEB26C2B0BEF7700C340D1 /* ProjectOverviewView.swift */; };
		16EEB26F2B0C8DAE00C340D1 /* HookTutorialView.swift in Sources */ = {isa = PBXBuildFile; fileRef = 16EEB26E2B0C8DAE00C340D1 /* HookTutorialView.swift */; };
		16F64E402B0B367C00EF2E15 /* Outfit-SemiBold.ttf in Resources */ = {isa = PBXBuildFile; fileRef = 16F64E372B0B367C00EF2E15 /* Outfit-SemiBold.ttf */; };
		16F64E412B0B367C00EF2E15 /* Outfit-Light.ttf in Resources */ = {isa = PBXBuildFile; fileRef = 16F64E382B0B367C00EF2E15 /* Outfit-Light.ttf */; };
		16F64E422B0B367C00EF2E15 /* Outfit-Black.ttf in Resources */ = {isa = PBXBuildFile; fileRef = 16F64E392B0B367C00EF2E15 /* Outfit-Black.ttf */; };
		16F64E432B0B367C00EF2E15 /* Outfit-ExtraLight.ttf in Resources */ = {isa = PBXBuildFile; fileRef = 16F64E3A2B0B367C00EF2E15 /* Outfit-ExtraLight.ttf */; };
		16F64E442B0B367C00EF2E15 /* Outfit-Thin.ttf in Resources */ = {isa = PBXBuildFile; fileRef = 16F64E3B2B0B367C00EF2E15 /* Outfit-Thin.ttf */; };
		16F64E452B0B367C00EF2E15 /* Outfit-Medium.ttf in Resources */ = {isa = PBXBuildFile; fileRef = 16F64E3C2B0B367C00EF2E15 /* Outfit-Medium.ttf */; };
		16F64E462B0B367C00EF2E15 /* Outfit-ExtraBold.ttf in Resources */ = {isa = PBXBuildFile; fileRef = 16F64E3D2B0B367C00EF2E15 /* Outfit-ExtraBold.ttf */; };
		16F64E472B0B367C00EF2E15 /* Outfit-Regular.ttf in Resources */ = {isa = PBXBuildFile; fileRef = 16F64E3E2B0B367C00EF2E15 /* Outfit-Regular.ttf */; };
		16F64E482B0B367C00EF2E15 /* Outfit-Bold.ttf in Resources */ = {isa = PBXBuildFile; fileRef = 16F64E3F2B0B367C00EF2E15 /* Outfit-Bold.ttf */; };
		16F64E4B2B0B371E00EF2E15 /* TextExtension.swift in Sources */ = {isa = PBXBuildFile; fileRef = 16F64E4A2B0B371E00EF2E15 /* TextExtension.swift */; };
		16F64E4E2B0B3D9700EF2E15 /* PrimaryButton.swift in Sources */ = {isa = PBXBuildFile; fileRef = 16F64E4D2B0B3D9700EF2E15 /* PrimaryButton.swift */; };
		16F64E502B0B44C700EF2E15 /* SecondaryButton.swift in Sources */ = {isa = PBXBuildFile; fileRef = 16F64E4F2B0B44C700EF2E15 /* SecondaryButton.swift */; };
		16F64E522B0B4D5C00EF2E15 /* RectangleCard.swift in Sources */ = {isa = PBXBuildFile; fileRef = 16F64E512B0B4D5C00EF2E15 /* RectangleCard.swift */; };
		16F64E552B0B57F900EF2E15 /* TutorialPage.swift in Sources */ = {isa = PBXBuildFile; fileRef = 16F64E542B0B57F900EF2E15 /* TutorialPage.swift */; };
		16F64E582B0B765C00EF2E15 /* ProjectsView.swift in Sources */ = {isa = PBXBuildFile; fileRef = 16F64E572B0B765C00EF2E15 /* ProjectsView.swift */; };
		16F64E5A2B0B772100EF2E15 /* SquareCard.swift in Sources */ = {isa = PBXBuildFile; fileRef = 16F64E592B0B772100EF2E15 /* SquareCard.swift */; };
		16F64E5C2B0B7BF600EF2E15 /* ForumCard.swift in Sources */ = {isa = PBXBuildFile; fileRef = 16F64E5B2B0B7BF600EF2E15 /* ForumCard.swift */; };
		16F64E5E2B0B800000EF2E15 /* ForumView.swift in Sources */ = {isa = PBXBuildFile; fileRef = 16F64E5D2B0B800000EF2E15 /* ForumView.swift */; };
		16F64E602B0B8E5100EF2E15 /* ProfileView.swift in Sources */ = {isa = PBXBuildFile; fileRef = 16F64E5F2B0B8E5100EF2E15 /* ProfileView.swift */; };
		16F64E642B0BAE1200EF2E15 /* SignUpView.swift in Sources */ = {isa = PBXBuildFile; fileRef = 16F64E632B0BAE1200EF2E15 /* SignUpView.swift */; };
		16F64E662B0BAF3300EF2E15 /* LoginView.swift in Sources */ = {isa = PBXBuildFile; fileRef = 16F64E652B0BAF3300EF2E15 /* LoginView.swift */; };
		16FBA1DC2B4BC763001AEBDB /* YarnData.json in Resources */ = {isa = PBXBuildFile; fileRef = 16FBA1DB2B4BC763001AEBDB /* YarnData.json */; };
		16FBA1DE2B4BC77B001AEBDB /* Yarn.swift in Sources */ = {isa = PBXBuildFile; fileRef = 16FBA1DD2B4BC77B001AEBDB /* Yarn.swift */; };
		16FBA1E02B4BC7FB001AEBDB /* PatternData.json in Resources */ = {isa = PBXBuildFile; fileRef = 16FBA1DF2B4BC7FB001AEBDB /* PatternData.json */; };
		16FBA1E22B4BC849001AEBDB /* Pattern.swift in Sources */ = {isa = PBXBuildFile; fileRef = 16FBA1E12B4BC849001AEBDB /* Pattern.swift */; };
		16FBA1E42B4BC877001AEBDB /* PatternContent.swift in Sources */ = {isa = PBXBuildFile; fileRef = 16FBA1E32B4BC877001AEBDB /* PatternContent.swift */; };
		16FBA1E62B4BC8B5001AEBDB /* TermTutorialListView.swift in Sources */ = {isa = PBXBuildFile; fileRef = 16FBA1E52B4BC8B5001AEBDB /* TermTutorialListView.swift */; };
		16FBA1E82B4BC926001AEBDB /* YarnTutorialView.swift in Sources */ = {isa = PBXBuildFile; fileRef = 16FBA1E72B4BC926001AEBDB /* YarnTutorialView.swift */; };
		16FBA1EA2B4BCA42001AEBDB /* HookData.json in Resources */ = {isa = PBXBuildFile; fileRef = 16FBA1E92B4BCA42001AEBDB /* HookData.json */; };
		16FBA1EC2B4BCA77001AEBDB /* TermData.json in Resources */ = {isa = PBXBuildFile; fileRef = 16FBA1EB2B4BCA77001AEBDB /* TermData.json */; };
		16FBA1EE2B4BCAD5001AEBDB /* PatternTutorialListView.swift in Sources */ = {isa = PBXBuildFile; fileRef = 16FBA1ED2B4BCAD5001AEBDB /* PatternTutorialListView.swift */; };
		16FBA1F02B4BCD48001AEBDB /* Hook.swift in Sources */ = {isa = PBXBuildFile; fileRef = 16FBA1EF2B4BCD48001AEBDB /* Hook.swift */; };
		16FBA1F22B4BD43C001AEBDB /* ProjectTemplateData.json in Resources */ = {isa = PBXBuildFile; fileRef = 16FBA1F12B4BD43C001AEBDB /* ProjectTemplateData.json */; };
		16FBA1F42B4BD495001AEBDB /* Project.swift in Sources */ = {isa = PBXBuildFile; fileRef = 16FBA1F32B4BD495001AEBDB /* Project.swift */; };
		16FBA1F62B4BD54D001AEBDB /* SubPart.swift in Sources */ = {isa = PBXBuildFile; fileRef = 16FBA1F52B4BD54D001AEBDB /* SubPart.swift */; };
		16FBA1F82B4BD59C001AEBDB /* Gauges.swift in Sources */ = {isa = PBXBuildFile; fileRef = 16FBA1F72B4BD59C001AEBDB /* Gauges.swift */; };
		16FBA1FA2B4D26C7001AEBDB /* Step.swift in Sources */ = {isa = PBXBuildFile; fileRef = 16FBA1F92B4D26C7001AEBDB /* Step.swift */; };
		16FBA1FC2B4FB6F4001AEBDB /* AccordionWithPicture.swift in Sources */ = {isa = PBXBuildFile; fileRef = 16FBA1FB2B4FB6F4001AEBDB /* AccordionWithPicture.swift */; };
		8F1BA8E92B29BAC600DD92C4 /* AuthenticationService.swift in Sources */ = {isa = PBXBuildFile; fileRef = 8F1BA8E82B29BAC600DD92C4 /* AuthenticationService.swift */; };
		8F1BA8EB2B29BB0600DD92C4 /* PostRepository.swift in Sources */ = {isa = PBXBuildFile; fileRef = 8F1BA8EA2B29BB0600DD92C4 /* PostRepository.swift */; };
		8F1BA8EF2B29BB2F00DD92C4 /* CommentRepository.swift in Sources */ = {isa = PBXBuildFile; fileRef = 8F1BA8EE2B29BB2F00DD92C4 /* CommentRepository.swift */; };
		8F404E242B4ED5F900F7145C /* ProjectRepository.swift in Sources */ = {isa = PBXBuildFile; fileRef = 8F404E232B4ED5F900F7145C /* ProjectRepository.swift */; };
		8F404E262B4EE37000F7145C /* JSONFileHandler.swift in Sources */ = {isa = PBXBuildFile; fileRef = 8F404E252B4EE37000F7145C /* JSONFileHandler.swift */; };
		8F404E282B4EE90100F7145C /* ProjectViewModel.swift in Sources */ = {isa = PBXBuildFile; fileRef = 8F404E272B4EE90100F7145C /* ProjectViewModel.swift */; };
		8F404E2A2B4EE90C00F7145C /* ProjectListViewModel.swift in Sources */ = {isa = PBXBuildFile; fileRef = 8F404E292B4EE90C00F7145C /* ProjectListViewModel.swift */; };
		8F7E67D62B19C750005DBD9E /* ObjectPart.swift in Sources */ = {isa = PBXBuildFile; fileRef = 8F7E67D52B19C750005DBD9E /* ObjectPart.swift */; };
		8FA5AD352B199B3B0021F53C /* User.swift in Sources */ = {isa = PBXBuildFile; fileRef = 8FA5AD342B199B3B0021F53C /* User.swift */; };
		8FA5AD372B199BAB0021F53C /* AppManager.swift in Sources */ = {isa = PBXBuildFile; fileRef = 8FA5AD362B199BAB0021F53C /* AppManager.swift */; };
		8FA5AD392B199C030021F53C /* Post.swift in Sources */ = {isa = PBXBuildFile; fileRef = 8FA5AD382B199C030021F53C /* Post.swift */; };
		8FA5AD3B2B199EC50021F53C /* Comment.swift in Sources */ = {isa = PBXBuildFile; fileRef = 8FA5AD3A2B199EC50021F53C /* Comment.swift */; };
		8FA5AD3D2B199F8C0021F53C /* ProjectDetails.swift in Sources */ = {isa = PBXBuildFile; fileRef = 8FA5AD3C2B199F8C0021F53C /* ProjectDetails.swift */; };
		8FAE74B62B5003B700E48454 /* ProjectTemplateJSON.swift in Sources */ = {isa = PBXBuildFile; fileRef = 8FAE74B52B5003B700E48454 /* ProjectTemplateJSON.swift */; };
		8FAE74B82B51189400E48454 /* GaugeFormatter.swift in Sources */ = {isa = PBXBuildFile; fileRef = 8FAE74B72B51189400E48454 /* GaugeFormatter.swift */; };
		8FAE74BA2B513CE400E48454 /* GaugeCounter.swift in Sources */ = {isa = PBXBuildFile; fileRef = 8FAE74B92B513CE400E48454 /* GaugeCounter.swift */; };
		8FAE74BC2B51405D00E48454 /* FirebaseStorage in Frameworks */ = {isa = PBXBuildFile; productRef = 8FAE74BB2B51405D00E48454 /* FirebaseStorage */; };
		8FAE74BE2B5140A700E48454 /* ImageViewModel.swift in Sources */ = {isa = PBXBuildFile; fileRef = 8FAE74BD2B5140A700E48454 /* ImageViewModel.swift */; };
		8FAE74C02B5140E600E48454 /* ImagePickerView.swift in Sources */ = {isa = PBXBuildFile; fileRef = 8FAE74BF2B5140E600E48454 /* ImagePickerView.swift */; };
		8FAE74C22B51411500E48454 /* ImagePicker.swift in Sources */ = {isa = PBXBuildFile; fileRef = 8FAE74C12B51411500E48454 /* ImagePicker.swift */; };
		8FAE74C42B5186CA00E48454 /* ImageConverter.swift in Sources */ = {isa = PBXBuildFile; fileRef = 8FAE74C32B5186CA00E48454 /* ImageConverter.swift */; };
		8FAE74C72B51A15D00E48454 /* SDWebImageSwiftUI in Frameworks */ = {isa = PBXBuildFile; productRef = 8FAE74C62B51A15D00E48454 /* SDWebImageSwiftUI */; };
		8FAE74C92B51CDE900E48454 /* ForumCardWithNavigation.swift in Sources */ = {isa = PBXBuildFile; fileRef = 8FAE74C82B51CDE900E48454 /* ForumCardWithNavigation.swift */; };
		8FAE74CB2B51E2DB00E48454 /* EditProjectView.swift in Sources */ = {isa = PBXBuildFile; fileRef = 8FAE74CA2B51E2DB00E48454 /* EditProjectView.swift */; };
		8FAEA3D62B1A403D009B7E67 /* GoogleService-Info.plist in Resources */ = {isa = PBXBuildFile; fileRef = 8FAEA3D52B1A403D009B7E67 /* GoogleService-Info.plist */; };
		8FAEA3D92B1A41A3009B7E67 /* FirebaseAnalytics in Frameworks */ = {isa = PBXBuildFile; productRef = 8FAEA3D82B1A41A3009B7E67 /* FirebaseAnalytics */; };
		8FAEA3DB2B1A41A3009B7E67 /* FirebaseAuth in Frameworks */ = {isa = PBXBuildFile; productRef = 8FAEA3DA2B1A41A3009B7E67 /* FirebaseAuth */; };
		8FAEA3DD2B1ACA40009B7E67 /* AppDelegate.swift in Sources */ = {isa = PBXBuildFile; fileRef = 8FAEA3DC2B1ACA40009B7E67 /* AppDelegate.swift */; };
		8FB9052A2B53122C00277182 /* CreateProjectView.swift in Sources */ = {isa = PBXBuildFile; fileRef = 8FB905292B53122C00277182 /* CreateProjectView.swift */; };
		8FC140802B4AA955008AAE90 /* CommentManager.swift in Sources */ = {isa = PBXBuildFile; fileRef = 8FC1407F2B4AA955008AAE90 /* CommentManager.swift */; };
		8FC60F702B397B1C00C8C241 /* AuthenticationViewModel.swift in Sources */ = {isa = PBXBuildFile; fileRef = 8FC60F6F2B397B1C00C8C241 /* AuthenticationViewModel.swift */; };
		8FC60F722B39FB7200C8C241 /* FirebaseFirestore in Frameworks */ = {isa = PBXBuildFile; productRef = 8FC60F712B39FB7200C8C241 /* FirebaseFirestore */; };
		8FC60F742B39FB7900C8C241 /* FirebaseFirestoreSwift in Frameworks */ = {isa = PBXBuildFile; productRef = 8FC60F732B39FB7900C8C241 /* FirebaseFirestoreSwift */; };
		8FC60F762B39FD4D00C8C241 /* UserRepository.swift in Sources */ = {isa = PBXBuildFile; fileRef = 8FC60F752B39FD4D00C8C241 /* UserRepository.swift */; };
		8FC60F7B2B3ECBEE00C8C241 /* PostViewModel.swift in Sources */ = {isa = PBXBuildFile; fileRef = 8FC60F7A2B3ECBEE00C8C241 /* PostViewModel.swift */; };
		8FC60F7D2B3ECEA400C8C241 /* PostListViewModel.swift in Sources */ = {isa = PBXBuildFile; fileRef = 8FC60F7C2B3ECEA400C8C241 /* PostListViewModel.swift */; };
		8FC60F802B3F177B00C8C241 /* DateFormatter.swift in Sources */ = {isa = PBXBuildFile; fileRef = 8FC60F7F2B3F177B00C8C241 /* DateFormatter.swift */; };
		8FC65C632B493046007E8D28 /* CommentViewModel.swift in Sources */ = {isa = PBXBuildFile; fileRef = 8FC65C622B493046007E8D28 /* CommentViewModel.swift */; };
		8FC65C652B499314007E8D28 /* CommentListViewModel.swift in Sources */ = {isa = PBXBuildFile; fileRef = 8FC65C642B499314007E8D28 /* CommentListViewModel.swift */; };
/* End PBXBuildFile section */

/* Begin PBXFileReference section */
		161AA7082B0CD1C7008A59CE /* ImageSlider.swift */ = {isa = PBXFileReference; lastKnownFileType = sourcecode.swift; path = ImageSlider.swift; sourceTree = "<group>"; };
		161AA70A2B0E1B6B008A59CE /* TermTutorialView.swift */ = {isa = PBXFileReference; lastKnownFileType = sourcecode.swift; path = TermTutorialView.swift; sourceTree = "<group>"; };
		161AA70C2B0E1D2B008A59CE /* PatternTutorialView.swift */ = {isa = PBXFileReference; lastKnownFileType = sourcecode.swift; path = PatternTutorialView.swift; sourceTree = "<group>"; };
		161AA70E2B0E1EB3008A59CE /* YarnTutorialListView.swift */ = {isa = PBXFileReference; lastKnownFileType = sourcecode.swift; path = YarnTutorialListView.swift; sourceTree = "<group>"; };
		161AA7102B14800A008A59CE /* MiniTag.swift */ = {isa = PBXFileReference; lastKnownFileType = sourcecode.swift; path = MiniTag.swift; sourceTree = "<group>"; };
		16BF34D62B0B31BF0036424B /* Loopin.app */ = {isa = PBXFileReference; explicitFileType = wrapper.application; includeInIndex = 0; path = Loopin.app; sourceTree = BUILT_PRODUCTS_DIR; };
		16BF34D92B0B31BF0036424B /* LoopinApp.swift */ = {isa = PBXFileReference; lastKnownFileType = sourcecode.swift; path = LoopinApp.swift; sourceTree = "<group>"; };
		16BF34DB2B0B31BF0036424B /* ContentView.swift */ = {isa = PBXFileReference; lastKnownFileType = sourcecode.swift; path = ContentView.swift; sourceTree = "<group>"; };
		16BF34DD2B0B31C00036424B /* Assets.xcassets */ = {isa = PBXFileReference; lastKnownFileType = folder.assetcatalog; path = Assets.xcassets; sourceTree = "<group>"; };
		16BF34E02B0B31C00036424B /* Preview Assets.xcassets */ = {isa = PBXFileReference; lastKnownFileType = folder.assetcatalog; path = "Preview Assets.xcassets"; sourceTree = "<group>"; };
		16BF34E22B0B31C00036424B /* Persistence.swift */ = {isa = PBXFileReference; lastKnownFileType = sourcecode.swift; path = Persistence.swift; sourceTree = "<group>"; };
		16BF34E52B0B31C00036424B /* Loopin.xcdatamodel */ = {isa = PBXFileReference; lastKnownFileType = wrapper.xcdatamodel; path = Loopin.xcdatamodel; sourceTree = "<group>"; };
		16BF34EC2B0B33080036424B /* WelcomePage.swift */ = {isa = PBXFileReference; lastKnownFileType = sourcecode.swift; path = WelcomePage.swift; sourceTree = "<group>"; };
		16C4D5042B36C44A007880DF /* Accordion.swift */ = {isa = PBXFileReference; lastKnownFileType = sourcecode.swift; path = Accordion.swift; sourceTree = "<group>"; };
		16C4D5062B36D6FA007880DF /* Numbering.swift */ = {isa = PBXFileReference; lastKnownFileType = sourcecode.swift; path = Numbering.swift; sourceTree = "<group>"; };
		16C4D5082B36DD14007880DF /* CommentView.swift */ = {isa = PBXFileReference; lastKnownFileType = sourcecode.swift; path = CommentView.swift; sourceTree = "<group>"; };
		16C4D50A2B36DDD0007880DF /* CommentCard.swift */ = {isa = PBXFileReference; lastKnownFileType = sourcecode.swift; path = CommentCard.swift; sourceTree = "<group>"; };
		16C4D50D2B37770C007880DF /* ProjectCard.swift */ = {isa = PBXFileReference; lastKnownFileType = sourcecode.swift; path = ProjectCard.swift; sourceTree = "<group>"; };
		16C4D53F2B45855A007880DF /* CurrentProjectView.swift */ = {isa = PBXFileReference; lastKnownFileType = sourcecode.swift; path = CurrentProjectView.swift; sourceTree = "<group>"; };
		16EEB2562B0BBE7300C340D1 /* ShortTextField.swift */ = {isa = PBXFileReference; lastKnownFileType = sourcecode.swift; path = ShortTextField.swift; sourceTree = "<group>"; };
		16EEB2582B0BC53200C340D1 /* PostForumView.swift */ = {isa = PBXFileReference; lastKnownFileType = sourcecode.swift; path = PostForumView.swift; sourceTree = "<group>"; };
		16EEB25A2B0BC66900C340D1 /* LongTextField.swift */ = {isa = PBXFileReference; lastKnownFileType = sourcecode.swift; path = LongTextField.swift; sourceTree = "<group>"; };
		16EEB25C2B0BD2E600C340D1 /* ProjectDetailView.swift */ = {isa = PBXFileReference; lastKnownFileType = sourcecode.swift; path = ProjectDetailView.swift; sourceTree = "<group>"; };
		16EEB25E2B0BD56500C340D1 /* DetailProjectCard.swift */ = {isa = PBXFileReference; lastKnownFileType = sourcecode.swift; path = DetailProjectCard.swift; sourceTree = "<group>"; };
		16EEB2602B0BDB4000C340D1 /* ProjectPartCard.swift */ = {isa = PBXFileReference; lastKnownFileType = sourcecode.swift; path = ProjectPartCard.swift; sourceTree = "<group>"; };
		16EEB2622B0BE49400C340D1 /* ProjectInfoView.swift */ = {isa = PBXFileReference; lastKnownFileType = sourcecode.swift; path = ProjectInfoView.swift; sourceTree = "<group>"; };
		16EEB2642B0BE55900C340D1 /* ProgressBar.swift */ = {isa = PBXFileReference; lastKnownFileType = sourcecode.swift; path = ProgressBar.swift; sourceTree = "<group>"; };
		16EEB2662B0BE76C00C340D1 /* SampleInfoView-UNUSED.swift */ = {isa = PBXFileReference; lastKnownFileType = sourcecode.swift; path = "SampleInfoView-UNUSED.swift"; sourceTree = "<group>"; };
		16EEB2682B0BE82400C340D1 /* ProjectPartView.swift */ = {isa = PBXFileReference; lastKnownFileType = sourcecode.swift; path = ProjectPartView.swift; sourceTree = "<group>"; };
		16EEB26A2B0BEB7100C340D1 /* ProjectPartInputCard.swift */ = {isa = PBXFileReference; lastKnownFileType = sourcecode.swift; path = ProjectPartInputCard.swift; sourceTree = "<group>"; };
		16EEB26C2B0BEF7700C340D1 /* ProjectOverviewView.swift */ = {isa = PBXFileReference; lastKnownFileType = sourcecode.swift; path = ProjectOverviewView.swift; sourceTree = "<group>"; };
		16EEB26E2B0C8DAE00C340D1 /* HookTutorialView.swift */ = {isa = PBXFileReference; lastKnownFileType = sourcecode.swift; path = HookTutorialView.swift; sourceTree = "<group>"; };
		16F64E372B0B367C00EF2E15 /* Outfit-SemiBold.ttf */ = {isa = PBXFileReference; lastKnownFileType = file; path = "Outfit-SemiBold.ttf"; sourceTree = "<group>"; };
		16F64E382B0B367C00EF2E15 /* Outfit-Light.ttf */ = {isa = PBXFileReference; lastKnownFileType = file; path = "Outfit-Light.ttf"; sourceTree = "<group>"; };
		16F64E392B0B367C00EF2E15 /* Outfit-Black.ttf */ = {isa = PBXFileReference; lastKnownFileType = file; path = "Outfit-Black.ttf"; sourceTree = "<group>"; };
		16F64E3A2B0B367C00EF2E15 /* Outfit-ExtraLight.ttf */ = {isa = PBXFileReference; lastKnownFileType = file; path = "Outfit-ExtraLight.ttf"; sourceTree = "<group>"; };
		16F64E3B2B0B367C00EF2E15 /* Outfit-Thin.ttf */ = {isa = PBXFileReference; lastKnownFileType = file; path = "Outfit-Thin.ttf"; sourceTree = "<group>"; };
		16F64E3C2B0B367C00EF2E15 /* Outfit-Medium.ttf */ = {isa = PBXFileReference; lastKnownFileType = file; path = "Outfit-Medium.ttf"; sourceTree = "<group>"; };
		16F64E3D2B0B367C00EF2E15 /* Outfit-ExtraBold.ttf */ = {isa = PBXFileReference; lastKnownFileType = file; path = "Outfit-ExtraBold.ttf"; sourceTree = "<group>"; };
		16F64E3E2B0B367C00EF2E15 /* Outfit-Regular.ttf */ = {isa = PBXFileReference; lastKnownFileType = file; path = "Outfit-Regular.ttf"; sourceTree = "<group>"; };
		16F64E3F2B0B367C00EF2E15 /* Outfit-Bold.ttf */ = {isa = PBXFileReference; lastKnownFileType = file; path = "Outfit-Bold.ttf"; sourceTree = "<group>"; };
		16F64E4A2B0B371E00EF2E15 /* TextExtension.swift */ = {isa = PBXFileReference; lastKnownFileType = sourcecode.swift; path = TextExtension.swift; sourceTree = "<group>"; };
		16F64E4D2B0B3D9700EF2E15 /* PrimaryButton.swift */ = {isa = PBXFileReference; lastKnownFileType = sourcecode.swift; path = PrimaryButton.swift; sourceTree = "<group>"; };
		16F64E4F2B0B44C700EF2E15 /* SecondaryButton.swift */ = {isa = PBXFileReference; lastKnownFileType = sourcecode.swift; path = SecondaryButton.swift; sourceTree = "<group>"; };
		16F64E512B0B4D5C00EF2E15 /* RectangleCard.swift */ = {isa = PBXFileReference; lastKnownFileType = sourcecode.swift; path = RectangleCard.swift; sourceTree = "<group>"; };
		16F64E542B0B57F900EF2E15 /* TutorialPage.swift */ = {isa = PBXFileReference; lastKnownFileType = sourcecode.swift; path = TutorialPage.swift; sourceTree = "<group>"; };
		16F64E562B0B74CB00EF2E15 /* Info.plist */ = {isa = PBXFileReference; lastKnownFileType = text.plist.xml; path = Info.plist; sourceTree = "<group>"; };
		16F64E572B0B765C00EF2E15 /* ProjectsView.swift */ = {isa = PBXFileReference; lastKnownFileType = sourcecode.swift; path = ProjectsView.swift; sourceTree = "<group>"; };
		16F64E592B0B772100EF2E15 /* SquareCard.swift */ = {isa = PBXFileReference; lastKnownFileType = sourcecode.swift; path = SquareCard.swift; sourceTree = "<group>"; };
		16F64E5B2B0B7BF600EF2E15 /* ForumCard.swift */ = {isa = PBXFileReference; lastKnownFileType = sourcecode.swift; path = ForumCard.swift; sourceTree = "<group>"; };
		16F64E5D2B0B800000EF2E15 /* ForumView.swift */ = {isa = PBXFileReference; lastKnownFileType = sourcecode.swift; path = ForumView.swift; sourceTree = "<group>"; };
		16F64E5F2B0B8E5100EF2E15 /* ProfileView.swift */ = {isa = PBXFileReference; lastKnownFileType = sourcecode.swift; path = ProfileView.swift; sourceTree = "<group>"; };
		16F64E632B0BAE1200EF2E15 /* SignUpView.swift */ = {isa = PBXFileReference; lastKnownFileType = sourcecode.swift; path = SignUpView.swift; sourceTree = "<group>"; };
		16F64E652B0BAF3300EF2E15 /* LoginView.swift */ = {isa = PBXFileReference; lastKnownFileType = sourcecode.swift; path = LoginView.swift; sourceTree = "<group>"; };
		16FBA1DB2B4BC763001AEBDB /* YarnData.json */ = {isa = PBXFileReference; fileEncoding = 4; lastKnownFileType = text.json; path = YarnData.json; sourceTree = "<group>"; };
		16FBA1DD2B4BC77B001AEBDB /* Yarn.swift */ = {isa = PBXFileReference; lastKnownFileType = sourcecode.swift; path = Yarn.swift; sourceTree = "<group>"; };
		16FBA1DF2B4BC7FB001AEBDB /* PatternData.json */ = {isa = PBXFileReference; fileEncoding = 4; lastKnownFileType = text.json; path = PatternData.json; sourceTree = "<group>"; };
		16FBA1E12B4BC849001AEBDB /* Pattern.swift */ = {isa = PBXFileReference; lastKnownFileType = sourcecode.swift; path = Pattern.swift; sourceTree = "<group>"; };
		16FBA1E32B4BC877001AEBDB /* PatternContent.swift */ = {isa = PBXFileReference; lastKnownFileType = sourcecode.swift; path = PatternContent.swift; sourceTree = "<group>"; };
		16FBA1E52B4BC8B5001AEBDB /* TermTutorialListView.swift */ = {isa = PBXFileReference; lastKnownFileType = sourcecode.swift; path = TermTutorialListView.swift; sourceTree = "<group>"; };
		16FBA1E72B4BC926001AEBDB /* YarnTutorialView.swift */ = {isa = PBXFileReference; lastKnownFileType = sourcecode.swift; path = YarnTutorialView.swift; sourceTree = "<group>"; };
		16FBA1E92B4BCA42001AEBDB /* HookData.json */ = {isa = PBXFileReference; fileEncoding = 4; lastKnownFileType = text.json; path = HookData.json; sourceTree = "<group>"; };
		16FBA1EB2B4BCA77001AEBDB /* TermData.json */ = {isa = PBXFileReference; fileEncoding = 4; lastKnownFileType = text.json; path = TermData.json; sourceTree = "<group>"; };
		16FBA1ED2B4BCAD5001AEBDB /* PatternTutorialListView.swift */ = {isa = PBXFileReference; lastKnownFileType = sourcecode.swift; path = PatternTutorialListView.swift; sourceTree = "<group>"; };
		16FBA1EF2B4BCD48001AEBDB /* Hook.swift */ = {isa = PBXFileReference; lastKnownFileType = sourcecode.swift; path = Hook.swift; sourceTree = "<group>"; };
		16FBA1F12B4BD43C001AEBDB /* ProjectTemplateData.json */ = {isa = PBXFileReference; fileEncoding = 4; lastKnownFileType = text.json; path = ProjectTemplateData.json; sourceTree = "<group>"; };
		16FBA1F32B4BD495001AEBDB /* Project.swift */ = {isa = PBXFileReference; lastKnownFileType = sourcecode.swift; path = Project.swift; sourceTree = "<group>"; };
		16FBA1F52B4BD54D001AEBDB /* SubPart.swift */ = {isa = PBXFileReference; lastKnownFileType = sourcecode.swift; path = SubPart.swift; sourceTree = "<group>"; };
		16FBA1F72B4BD59C001AEBDB /* Gauges.swift */ = {isa = PBXFileReference; lastKnownFileType = sourcecode.swift; path = Gauges.swift; sourceTree = "<group>"; };
		16FBA1F92B4D26C7001AEBDB /* Step.swift */ = {isa = PBXFileReference; lastKnownFileType = sourcecode.swift; path = Step.swift; sourceTree = "<group>"; };
		16FBA1FB2B4FB6F4001AEBDB /* AccordionWithPicture.swift */ = {isa = PBXFileReference; lastKnownFileType = sourcecode.swift; path = AccordionWithPicture.swift; sourceTree = "<group>"; };
		8F1BA8E82B29BAC600DD92C4 /* AuthenticationService.swift */ = {isa = PBXFileReference; lastKnownFileType = sourcecode.swift; path = AuthenticationService.swift; sourceTree = "<group>"; };
		8F1BA8EA2B29BB0600DD92C4 /* PostRepository.swift */ = {isa = PBXFileReference; lastKnownFileType = sourcecode.swift; path = PostRepository.swift; sourceTree = "<group>"; };
		8F1BA8EE2B29BB2F00DD92C4 /* CommentRepository.swift */ = {isa = PBXFileReference; lastKnownFileType = sourcecode.swift; path = CommentRepository.swift; sourceTree = "<group>"; };
		8F404E232B4ED5F900F7145C /* ProjectRepository.swift */ = {isa = PBXFileReference; lastKnownFileType = sourcecode.swift; path = ProjectRepository.swift; sourceTree = "<group>"; };
		8F404E252B4EE37000F7145C /* JSONFileHandler.swift */ = {isa = PBXFileReference; lastKnownFileType = sourcecode.swift; path = JSONFileHandler.swift; sourceTree = "<group>"; };
		8F404E272B4EE90100F7145C /* ProjectViewModel.swift */ = {isa = PBXFileReference; lastKnownFileType = sourcecode.swift; path = ProjectViewModel.swift; sourceTree = "<group>"; };
		8F404E292B4EE90C00F7145C /* ProjectListViewModel.swift */ = {isa = PBXFileReference; lastKnownFileType = sourcecode.swift; path = ProjectListViewModel.swift; sourceTree = "<group>"; };
		8F7E67D52B19C750005DBD9E /* ObjectPart.swift */ = {isa = PBXFileReference; lastKnownFileType = sourcecode.swift; path = ObjectPart.swift; sourceTree = "<group>"; };
		8FA5AD342B199B3B0021F53C /* User.swift */ = {isa = PBXFileReference; lastKnownFileType = sourcecode.swift; path = User.swift; sourceTree = "<group>"; };
		8FA5AD362B199BAB0021F53C /* AppManager.swift */ = {isa = PBXFileReference; lastKnownFileType = sourcecode.swift; path = AppManager.swift; sourceTree = "<group>"; };
		8FA5AD382B199C030021F53C /* Post.swift */ = {isa = PBXFileReference; lastKnownFileType = sourcecode.swift; path = Post.swift; sourceTree = "<group>"; };
		8FA5AD3A2B199EC50021F53C /* Comment.swift */ = {isa = PBXFileReference; lastKnownFileType = sourcecode.swift; path = Comment.swift; sourceTree = "<group>"; };
		8FA5AD3C2B199F8C0021F53C /* ProjectDetails.swift */ = {isa = PBXFileReference; lastKnownFileType = sourcecode.swift; path = ProjectDetails.swift; sourceTree = "<group>"; };
		8FAE74B52B5003B700E48454 /* ProjectTemplateJSON.swift */ = {isa = PBXFileReference; lastKnownFileType = sourcecode.swift; path = ProjectTemplateJSON.swift; sourceTree = "<group>"; };
		8FAE74B72B51189400E48454 /* GaugeFormatter.swift */ = {isa = PBXFileReference; lastKnownFileType = sourcecode.swift; path = GaugeFormatter.swift; sourceTree = "<group>"; };
		8FAE74B92B513CE400E48454 /* GaugeCounter.swift */ = {isa = PBXFileReference; lastKnownFileType = sourcecode.swift; path = GaugeCounter.swift; sourceTree = "<group>"; };
		8FAE74BD2B5140A700E48454 /* ImageViewModel.swift */ = {isa = PBXFileReference; lastKnownFileType = sourcecode.swift; path = ImageViewModel.swift; sourceTree = "<group>"; };
		8FAE74BF2B5140E600E48454 /* ImagePickerView.swift */ = {isa = PBXFileReference; lastKnownFileType = sourcecode.swift; path = ImagePickerView.swift; sourceTree = "<group>"; };
		8FAE74C12B51411500E48454 /* ImagePicker.swift */ = {isa = PBXFileReference; lastKnownFileType = sourcecode.swift; path = ImagePicker.swift; sourceTree = "<group>"; };
		8FAE74C32B5186CA00E48454 /* ImageConverter.swift */ = {isa = PBXFileReference; lastKnownFileType = sourcecode.swift; path = ImageConverter.swift; sourceTree = "<group>"; };
		8FAE74C82B51CDE900E48454 /* ForumCardWithNavigation.swift */ = {isa = PBXFileReference; lastKnownFileType = sourcecode.swift; path = ForumCardWithNavigation.swift; sourceTree = "<group>"; };
		8FAE74CA2B51E2DB00E48454 /* EditProjectView.swift */ = {isa = PBXFileReference; lastKnownFileType = sourcecode.swift; path = EditProjectView.swift; sourceTree = "<group>"; };
		8FAEA3D52B1A403D009B7E67 /* GoogleService-Info.plist */ = {isa = PBXFileReference; fileEncoding = 4; lastKnownFileType = text.plist.xml; path = "GoogleService-Info.plist"; sourceTree = "<group>"; };
		8FAEA3DC2B1ACA40009B7E67 /* AppDelegate.swift */ = {isa = PBXFileReference; lastKnownFileType = sourcecode.swift; path = AppDelegate.swift; sourceTree = "<group>"; };
		8FB905292B53122C00277182 /* CreateProjectView.swift */ = {isa = PBXFileReference; lastKnownFileType = sourcecode.swift; path = CreateProjectView.swift; sourceTree = "<group>"; };
		8FC1407F2B4AA955008AAE90 /* CommentManager.swift */ = {isa = PBXFileReference; lastKnownFileType = sourcecode.swift; path = CommentManager.swift; sourceTree = "<group>"; };
		8FC60F6F2B397B1C00C8C241 /* AuthenticationViewModel.swift */ = {isa = PBXFileReference; lastKnownFileType = sourcecode.swift; path = AuthenticationViewModel.swift; sourceTree = "<group>"; };
		8FC60F752B39FD4D00C8C241 /* UserRepository.swift */ = {isa = PBXFileReference; lastKnownFileType = sourcecode.swift; path = UserRepository.swift; sourceTree = "<group>"; };
		8FC60F7A2B3ECBEE00C8C241 /* PostViewModel.swift */ = {isa = PBXFileReference; lastKnownFileType = sourcecode.swift; path = PostViewModel.swift; sourceTree = "<group>"; };
		8FC60F7C2B3ECEA400C8C241 /* PostListViewModel.swift */ = {isa = PBXFileReference; lastKnownFileType = sourcecode.swift; path = PostListViewModel.swift; sourceTree = "<group>"; };
		8FC60F7F2B3F177B00C8C241 /* DateFormatter.swift */ = {isa = PBXFileReference; lastKnownFileType = sourcecode.swift; path = DateFormatter.swift; sourceTree = "<group>"; };
		8FC65C622B493046007E8D28 /* CommentViewModel.swift */ = {isa = PBXFileReference; lastKnownFileType = sourcecode.swift; path = CommentViewModel.swift; sourceTree = "<group>"; };
		8FC65C642B499314007E8D28 /* CommentListViewModel.swift */ = {isa = PBXFileReference; lastKnownFileType = sourcecode.swift; path = CommentListViewModel.swift; sourceTree = "<group>"; };
/* End PBXFileReference section */

/* Begin PBXFrameworksBuildPhase section */
		16BF34D32B0B31BF0036424B /* Frameworks */ = {
			isa = PBXFrameworksBuildPhase;
			buildActionMask = 2147483647;
			files = (
				8FAE74C72B51A15D00E48454 /* SDWebImageSwiftUI in Frameworks */,
				8FC60F742B39FB7900C8C241 /* FirebaseFirestoreSwift in Frameworks */,
				8FAEA3D92B1A41A3009B7E67 /* FirebaseAnalytics in Frameworks */,
				8FC60F722B39FB7200C8C241 /* FirebaseFirestore in Frameworks */,
				8FAEA3DB2B1A41A3009B7E67 /* FirebaseAuth in Frameworks */,
				161AA7152B1492CF008A59CE /* WrappingHStack in Frameworks */,
				8FAE74BC2B51405D00E48454 /* FirebaseStorage in Frameworks */,
			);
			runOnlyForDeploymentPostprocessing = 0;
		};
/* End PBXFrameworksBuildPhase section */

/* Begin PBXGroup section */
		161AA7122B149246008A59CE /* Frameworks */ = {
			isa = PBXGroup;
			children = (
			);
			name = Frameworks;
			sourceTree = "<group>";
		};
		16BF34CD2B0B31BF0036424B = {
			isa = PBXGroup;
			children = (
				16BF34D82B0B31BF0036424B /* Loopin */,
				16BF34D72B0B31BF0036424B /* Products */,
				161AA7122B149246008A59CE /* Frameworks */,
			);
			sourceTree = "<group>";
		};
		16BF34D72B0B31BF0036424B /* Products */ = {
			isa = PBXGroup;
			children = (
				16BF34D62B0B31BF0036424B /* Loopin.app */,
			);
			name = Products;
			sourceTree = "<group>";
		};
		16BF34D82B0B31BF0036424B /* Loopin */ = {
			isa = PBXGroup;
			children = (
				8FAEA3E02B1ACB68009B7E67 /* Application */,
				8FA5AD2C2B187F8C0021F53C /* Core */,
				16F64E532B0B57B700EF2E15 /* Features */,
				16BF34DF2B0B31C00036424B /* Preview Content */,
				8FAEA3D52B1A403D009B7E67 /* GoogleService-Info.plist */,
				16F64E562B0B74CB00EF2E15 /* Info.plist */,
			);
			path = Loopin;
			sourceTree = "<group>";
		};
		16BF34DF2B0B31C00036424B /* Preview Content */ = {
			isa = PBXGroup;
			children = (
				16BF34E02B0B31C00036424B /* Preview Assets.xcassets */,
			);
			path = "Preview Content";
			sourceTree = "<group>";
		};
		16F64E362B0B362F00EF2E15 /* Font */ = {
			isa = PBXGroup;
			children = (
				16F64E392B0B367C00EF2E15 /* Outfit-Black.ttf */,
				16F64E3F2B0B367C00EF2E15 /* Outfit-Bold.ttf */,
				16F64E3D2B0B367C00EF2E15 /* Outfit-ExtraBold.ttf */,
				16F64E3A2B0B367C00EF2E15 /* Outfit-ExtraLight.ttf */,
				16F64E382B0B367C00EF2E15 /* Outfit-Light.ttf */,
				16F64E3C2B0B367C00EF2E15 /* Outfit-Medium.ttf */,
				16F64E3E2B0B367C00EF2E15 /* Outfit-Regular.ttf */,
				16F64E372B0B367C00EF2E15 /* Outfit-SemiBold.ttf */,
				16F64E3B2B0B367C00EF2E15 /* Outfit-Thin.ttf */,
			);
			path = Font;
			sourceTree = "<group>";
		};
		16F64E492B0B36A900EF2E15 /* Utilities */ = {
			isa = PBXGroup;
			children = (
				16F64E4A2B0B371E00EF2E15 /* TextExtension.swift */,
				16FBA1E92B4BCA42001AEBDB /* HookData.json */,
				16FBA1EB2B4BCA77001AEBDB /* TermData.json */,
				16FBA1DF2B4BC7FB001AEBDB /* PatternData.json */,
				16FBA1DB2B4BC763001AEBDB /* YarnData.json */,
				16FBA1F12B4BD43C001AEBDB /* ProjectTemplateData.json */,
			);
			path = Utilities;
			sourceTree = "<group>";
		};
		16F64E4C2B0B3D6F00EF2E15 /* Components */ = {
			isa = PBXGroup;
			children = (
				16F64E4D2B0B3D9700EF2E15 /* PrimaryButton.swift */,
				16F64E4F2B0B44C700EF2E15 /* SecondaryButton.swift */,
				16F64E512B0B4D5C00EF2E15 /* RectangleCard.swift */,
				16F64E592B0B772100EF2E15 /* SquareCard.swift */,
				16EEB2562B0BBE7300C340D1 /* ShortTextField.swift */,
				16EEB25A2B0BC66900C340D1 /* LongTextField.swift */,
				16EEB25E2B0BD56500C340D1 /* DetailProjectCard.swift */,
				16EEB2602B0BDB4000C340D1 /* ProjectPartCard.swift */,
				16EEB2642B0BE55900C340D1 /* ProgressBar.swift */,
				16EEB26A2B0BEB7100C340D1 /* ProjectPartInputCard.swift */,
				161AA7082B0CD1C7008A59CE /* ImageSlider.swift */,
				161AA7102B14800A008A59CE /* MiniTag.swift */,
				16C4D5042B36C44A007880DF /* Accordion.swift */,
				16C4D5062B36D6FA007880DF /* Numbering.swift */,
				16F64E5B2B0B7BF600EF2E15 /* ForumCard.swift */,
				16C4D50A2B36DDD0007880DF /* CommentCard.swift */,
				16C4D50D2B37770C007880DF /* ProjectCard.swift */,
				16FBA1FB2B4FB6F4001AEBDB /* AccordionWithPicture.swift */,
			);
			path = Components;
			sourceTree = "<group>";
		};
		16F64E532B0B57B700EF2E15 /* Features */ = {
			isa = PBXGroup;
			children = (
				8F1BA8E62B29BAA600DD92C4 /* Repositories */,
				8FA5AD2B2B187F710021F53C /* Models */,
				8FA5AD2A2B187F640021F53C /* ViewModels */,
				8FAEA3E22B1ACC34009B7E67 /* Views */,
			);
			path = Features;
			sourceTree = "<group>";
		};
		8F1BA8E62B29BAA600DD92C4 /* Repositories */ = {
			isa = PBXGroup;
			children = (
				8F1BA8EA2B29BB0600DD92C4 /* PostRepository.swift */,
				8F1BA8EE2B29BB2F00DD92C4 /* CommentRepository.swift */,
				8FC60F752B39FD4D00C8C241 /* UserRepository.swift */,
				8F404E232B4ED5F900F7145C /* ProjectRepository.swift */,
			);
			path = Repositories;
			sourceTree = "<group>";
		};
		8F1BA8E72B29BAAD00DD92C4 /* Services */ = {
			isa = PBXGroup;
			children = (
				8F1BA8E82B29BAC600DD92C4 /* AuthenticationService.swift */,
			);
			path = Services;
			sourceTree = "<group>";
		};
		8FA5AD2A2B187F640021F53C /* ViewModels */ = {
			isa = PBXGroup;
			children = (
				8FA5AD362B199BAB0021F53C /* AppManager.swift */,
				8FC60F6F2B397B1C00C8C241 /* AuthenticationViewModel.swift */,
				8FC60F7A2B3ECBEE00C8C241 /* PostViewModel.swift */,
				8FC65C622B493046007E8D28 /* CommentViewModel.swift */,
				8FC60F7C2B3ECEA400C8C241 /* PostListViewModel.swift */,
				8FC65C642B499314007E8D28 /* CommentListViewModel.swift */,
				8FC1407F2B4AA955008AAE90 /* CommentManager.swift */,
				8F404E272B4EE90100F7145C /* ProjectViewModel.swift */,
				8F404E292B4EE90C00F7145C /* ProjectListViewModel.swift */,
				8FAE74BD2B5140A700E48454 /* ImageViewModel.swift */,
			);
			path = ViewModels;
			sourceTree = "<group>";
		};
		8FA5AD2B2B187F710021F53C /* Models */ = {
			isa = PBXGroup;
			children = (
				8FA5AD342B199B3B0021F53C /* User.swift */,
				8FA5AD382B199C030021F53C /* Post.swift */,
				8FA5AD3A2B199EC50021F53C /* Comment.swift */,
				8FA5AD3C2B199F8C0021F53C /* ProjectDetails.swift */,
				8F7E67D52B19C750005DBD9E /* ObjectPart.swift */,
				16FBA1DD2B4BC77B001AEBDB /* Yarn.swift */,
				16FBA1E12B4BC849001AEBDB /* Pattern.swift */,
				16FBA1E32B4BC877001AEBDB /* PatternContent.swift */,
				16FBA1EF2B4BCD48001AEBDB /* Hook.swift */,
				16FBA1F32B4BD495001AEBDB /* Project.swift */,
				8FAE74B52B5003B700E48454 /* ProjectTemplateJSON.swift */,
				16FBA1F52B4BD54D001AEBDB /* SubPart.swift */,
				16FBA1F72B4BD59C001AEBDB /* Gauges.swift */,
				16FBA1F92B4D26C7001AEBDB /* Step.swift */,
				8F404E252B4EE37000F7145C /* JSONFileHandler.swift */,
				8FAE74B92B513CE400E48454 /* GaugeCounter.swift */,
				8FAE74C12B51411500E48454 /* ImagePicker.swift */,
			);
			path = Models;
			sourceTree = "<group>";
		};
		8FA5AD2C2B187F8C0021F53C /* Core */ = {
			isa = PBXGroup;
			children = (
				8FC60F7E2B3F176600C8C241 /* Extensions */,
				8FAEA3DF2B1ACAFD009B7E67 /* Resources */,
				8FAEA3DE2B1ACA99009B7E67 /* Network */,
				16F64E492B0B36A900EF2E15 /* Utilities */,
				16F64E362B0B362F00EF2E15 /* Font */,
			);
			path = Core;
			sourceTree = "<group>";
		};
		8FA5AD2E2B18CC560021F53C /* Onboarding */ = {
			isa = PBXGroup;
			children = (
				16F64E632B0BAE1200EF2E15 /* SignUpView.swift */,
				16F64E652B0BAF3300EF2E15 /* LoginView.swift */,
			);
			path = Onboarding;
			sourceTree = "<group>";
		};
		8FA5AD2F2B18CC870021F53C /* Tutorial */ = {
			isa = PBXGroup;
			children = (
				16F64E542B0B57F900EF2E15 /* TutorialPage.swift */,
				16EEB26E2B0C8DAE00C340D1 /* HookTutorialView.swift */,
				161AA70A2B0E1B6B008A59CE /* TermTutorialView.swift */,
				161AA70C2B0E1D2B008A59CE /* PatternTutorialView.swift */,
				161AA70E2B0E1EB3008A59CE /* YarnTutorialListView.swift */,
				16FBA1E52B4BC8B5001AEBDB /* TermTutorialListView.swift */,
				16FBA1E72B4BC926001AEBDB /* YarnTutorialView.swift */,
				16FBA1ED2B4BCAD5001AEBDB /* PatternTutorialListView.swift */,
			);
			path = Tutorial;
			sourceTree = "<group>";
		};
		8FA5AD302B18D2200021F53C /* Forum */ = {
			isa = PBXGroup;
			children = (
				8FAE74BF2B5140E600E48454 /* ImagePickerView.swift */,
				8FAE74C82B51CDE900E48454 /* ForumCardWithNavigation.swift */,
				16F64E5D2B0B800000EF2E15 /* ForumView.swift */,
				16EEB2582B0BC53200C340D1 /* PostForumView.swift */,
				16C4D5082B36DD14007880DF /* CommentView.swift */,
			);
			path = Forum;
			sourceTree = "<group>";
		};
		8FA5AD312B18D2640021F53C /* Project */ = {
			isa = PBXGroup;
			children = (
				16F64E572B0B765C00EF2E15 /* ProjectsView.swift */,
				16EEB25C2B0BD2E600C340D1 /* ProjectDetailView.swift */,
				16EEB2622B0BE49400C340D1 /* ProjectInfoView.swift */,
				16EEB2662B0BE76C00C340D1 /* SampleInfoView-UNUSED.swift */,
				16EEB2682B0BE82400C340D1 /* ProjectPartView.swift */,
				16EEB26C2B0BEF7700C340D1 /* ProjectOverviewView.swift */,
				8FB905292B53122C00277182 /* CreateProjectView.swift */,
				16C4D53F2B45855A007880DF /* CurrentProjectView.swift */,
				8FAE74CA2B51E2DB00E48454 /* EditProjectView.swift */,
			);
			path = Project;
			sourceTree = "<group>";
		};
		8FA5AD322B18D27E0021F53C /* Profile */ = {
			isa = PBXGroup;
			children = (
				16F64E5F2B0B8E5100EF2E15 /* ProfileView.swift */,
			);
			path = Profile;
			sourceTree = "<group>";
		};
		8FA5AD332B18D2910021F53C /* Homepage */ = {
			isa = PBXGroup;
			children = (
				16BF34DB2B0B31BF0036424B /* ContentView.swift */,
			);
			path = Homepage;
			sourceTree = "<group>";
		};
		8FAEA3DE2B1ACA99009B7E67 /* Network */ = {
			isa = PBXGroup;
			children = (
				8F1BA8E72B29BAAD00DD92C4 /* Services */,
			);
			path = Network;
			sourceTree = "<group>";
		};
		8FAEA3DF2B1ACAFD009B7E67 /* Resources */ = {
			isa = PBXGroup;
			children = (
				16BF34E42B0B31C00036424B /* Loopin.xcdatamodeld */,
				16BF34DD2B0B31C00036424B /* Assets.xcassets */,
			);
			path = Resources;
			sourceTree = "<group>";
		};
		8FAEA3E02B1ACB68009B7E67 /* Application */ = {
			isa = PBXGroup;
			children = (
				16BF34D92B0B31BF0036424B /* LoopinApp.swift */,
				8FAEA3DC2B1ACA40009B7E67 /* AppDelegate.swift */,
				16BF34E22B0B31C00036424B /* Persistence.swift */,
				16BF34EC2B0B33080036424B /* WelcomePage.swift */,
			);
			path = Application;
			sourceTree = "<group>";
		};
		8FAEA3E22B1ACC34009B7E67 /* Views */ = {
			isa = PBXGroup;
			children = (
				16F64E4C2B0B3D6F00EF2E15 /* Components */,
				8FA5AD2E2B18CC560021F53C /* Onboarding */,
				8FA5AD332B18D2910021F53C /* Homepage */,
				8FA5AD2F2B18CC870021F53C /* Tutorial */,
				8FA5AD302B18D2200021F53C /* Forum */,
				8FA5AD322B18D27E0021F53C /* Profile */,
				8FA5AD312B18D2640021F53C /* Project */,
			);
			path = Views;
			sourceTree = "<group>";
		};
		8FC60F7E2B3F176600C8C241 /* Extensions */ = {
			isa = PBXGroup;
			children = (
				8FC60F7F2B3F177B00C8C241 /* DateFormatter.swift */,
				8FAE74B72B51189400E48454 /* GaugeFormatter.swift */,
				8FAE74C32B5186CA00E48454 /* ImageConverter.swift */,
			);
			path = Extensions;
			sourceTree = "<group>";
		};
/* End PBXGroup section */

/* Begin PBXNativeTarget section */
		16BF34D52B0B31BF0036424B /* Loopin */ = {
			isa = PBXNativeTarget;
			buildConfigurationList = 16BF34E92B0B31C00036424B /* Build configuration list for PBXNativeTarget "Loopin" */;
			buildPhases = (
				16BF34D22B0B31BF0036424B /* Sources */,
				16BF34D32B0B31BF0036424B /* Frameworks */,
				16BF34D42B0B31BF0036424B /* Resources */,
			);
			buildRules = (
			);
			dependencies = (
			);
			name = Loopin;
			packageProductDependencies = (
				161AA7142B1492CF008A59CE /* WrappingHStack */,
				8FAEA3D82B1A41A3009B7E67 /* FirebaseAnalytics */,
				8FAEA3DA2B1A41A3009B7E67 /* FirebaseAuth */,
				8FC60F712B39FB7200C8C241 /* FirebaseFirestore */,
				8FC60F732B39FB7900C8C241 /* FirebaseFirestoreSwift */,
				8FAE74BB2B51405D00E48454 /* FirebaseStorage */,
				8FAE74C62B51A15D00E48454 /* SDWebImageSwiftUI */,
			);
			productName = Loopin;
			productReference = 16BF34D62B0B31BF0036424B /* Loopin.app */;
			productType = "com.apple.product-type.application";
		};
/* End PBXNativeTarget section */

/* Begin PBXProject section */
		16BF34CE2B0B31BF0036424B /* Project object */ = {
			isa = PBXProject;
			attributes = {
				BuildIndependentTargetsInParallel = 1;
				LastSwiftUpdateCheck = 1430;
				LastUpgradeCheck = 1430;
				TargetAttributes = {
					16BF34D52B0B31BF0036424B = {
						CreatedOnToolsVersion = 14.3.1;
					};
				};
			};
			buildConfigurationList = 16BF34D12B0B31BF0036424B /* Build configuration list for PBXProject "Loopin" */;
			compatibilityVersion = "Xcode 14.0";
			developmentRegion = en;
			hasScannedForEncodings = 0;
			knownRegions = (
				en,
				Base,
			);
			mainGroup = 16BF34CD2B0B31BF0036424B;
			packageReferences = (
				161AA7132B1492CF008A59CE /* XCRemoteSwiftPackageReference "WrappingHStack" */,
				8FAEA3D72B1A41A3009B7E67 /* XCRemoteSwiftPackageReference "firebase-ios-sdk" */,
				8FAE74C52B51A15D00E48454 /* XCRemoteSwiftPackageReference "SDWebImageSwiftUI" */,
			);
			productRefGroup = 16BF34D72B0B31BF0036424B /* Products */;
			projectDirPath = "";
			projectRoot = "";
			targets = (
				16BF34D52B0B31BF0036424B /* Loopin */,
			);
		};
/* End PBXProject section */

/* Begin PBXResourcesBuildPhase section */
		16BF34D42B0B31BF0036424B /* Resources */ = {
			isa = PBXResourcesBuildPhase;
			buildActionMask = 2147483647;
			files = (
				16F64E412B0B367C00EF2E15 /* Outfit-Light.ttf in Resources */,
				16F64E432B0B367C00EF2E15 /* Outfit-ExtraLight.ttf in Resources */,
				16BF34E12B0B31C00036424B /* Preview Assets.xcassets in Resources */,
				16FBA1DC2B4BC763001AEBDB /* YarnData.json in Resources */,
				16FBA1E02B4BC7FB001AEBDB /* PatternData.json in Resources */,
				16FBA1EC2B4BCA77001AEBDB /* TermData.json in Resources */,
				16FBA1EA2B4BCA42001AEBDB /* HookData.json in Resources */,
				16F64E442B0B367C00EF2E15 /* Outfit-Thin.ttf in Resources */,
				16BF34DE2B0B31C00036424B /* Assets.xcassets in Resources */,
				8FAEA3D62B1A403D009B7E67 /* GoogleService-Info.plist in Resources */,
				16F64E402B0B367C00EF2E15 /* Outfit-SemiBold.ttf in Resources */,
				16F64E462B0B367C00EF2E15 /* Outfit-ExtraBold.ttf in Resources */,
				16F64E452B0B367C00EF2E15 /* Outfit-Medium.ttf in Resources */,
				16F64E472B0B367C00EF2E15 /* Outfit-Regular.ttf in Resources */,
				16F64E422B0B367C00EF2E15 /* Outfit-Black.ttf in Resources */,
				16FBA1F22B4BD43C001AEBDB /* ProjectTemplateData.json in Resources */,
				16F64E482B0B367C00EF2E15 /* Outfit-Bold.ttf in Resources */,
			);
			runOnlyForDeploymentPostprocessing = 0;
		};
/* End PBXResourcesBuildPhase section */

/* Begin PBXSourcesBuildPhase section */
		16BF34D22B0B31BF0036424B /* Sources */ = {
			isa = PBXSourcesBuildPhase;
			buildActionMask = 2147483647;
			files = (
				8FC60F702B397B1C00C8C241 /* AuthenticationViewModel.swift in Sources */,
				8FAE74B62B5003B700E48454 /* ProjectTemplateJSON.swift in Sources */,
				8F404E242B4ED5F900F7145C /* ProjectRepository.swift in Sources */,
				8FAE74C22B51411500E48454 /* ImagePicker.swift in Sources */,
				16F64E4E2B0B3D9700EF2E15 /* PrimaryButton.swift in Sources */,
				16C4D5072B36D6FA007880DF /* Numbering.swift in Sources */,
				16FBA1E62B4BC8B5001AEBDB /* TermTutorialListView.swift in Sources */,
				8FC60F762B39FD4D00C8C241 /* UserRepository.swift in Sources */,
				8F1BA8EB2B29BB0600DD92C4 /* PostRepository.swift in Sources */,
				8FAE74BA2B513CE400E48454 /* GaugeCounter.swift in Sources */,
				16F64E4B2B0B371E00EF2E15 /* TextExtension.swift in Sources */,
				8FC65C632B493046007E8D28 /* CommentViewModel.swift in Sources */,
				16F64E5A2B0B772100EF2E15 /* SquareCard.swift in Sources */,
				8F404E2A2B4EE90C00F7145C /* ProjectListViewModel.swift in Sources */,
				16F64E5C2B0B7BF600EF2E15 /* ForumCard.swift in Sources */,
				16F64E552B0B57F900EF2E15 /* TutorialPage.swift in Sources */,
				16FBA1E42B4BC877001AEBDB /* PatternContent.swift in Sources */,
				16EEB26B2B0BEB7100C340D1 /* ProjectPartInputCard.swift in Sources */,
				16FBA1DE2B4BC77B001AEBDB /* Yarn.swift in Sources */,
				161AA70F2B0E1EB3008A59CE /* YarnTutorialListView.swift in Sources */,
				8F404E282B4EE90100F7145C /* ProjectViewModel.swift in Sources */,
				8F1BA8E92B29BAC600DD92C4 /* AuthenticationService.swift in Sources */,
				16BF34ED2B0B33080036424B /* WelcomePage.swift in Sources */,
				16FBA1FA2B4D26C7001AEBDB /* Step.swift in Sources */,
				16C4D5402B45855A007880DF /* CurrentProjectView.swift in Sources */,
				8FA5AD3D2B199F8C0021F53C /* ProjectDetails.swift in Sources */,
				16EEB2632B0BE49400C340D1 /* ProjectInfoView.swift in Sources */,
				16EEB25F2B0BD56500C340D1 /* DetailProjectCard.swift in Sources */,
				16BF34E62B0B31C00036424B /* Loopin.xcdatamodeld in Sources */,
				8F404E262B4EE37000F7145C /* JSONFileHandler.swift in Sources */,
				8F1BA8EF2B29BB2F00DD92C4 /* CommentRepository.swift in Sources */,
				16F64E602B0B8E5100EF2E15 /* ProfileView.swift in Sources */,
				16FBA1FC2B4FB6F4001AEBDB /* AccordionWithPicture.swift in Sources */,
				16C4D50E2B37770C007880DF /* ProjectCard.swift in Sources */,
				8FAE74B82B51189400E48454 /* GaugeFormatter.swift in Sources */,
				16FBA1F62B4BD54D001AEBDB /* SubPart.swift in Sources */,
				16F64E502B0B44C700EF2E15 /* SecondaryButton.swift in Sources */,
				8F7E67D62B19C750005DBD9E /* ObjectPart.swift in Sources */,
				8FC65C652B499314007E8D28 /* CommentListViewModel.swift in Sources */,
				16FBA1F02B4BCD48001AEBDB /* Hook.swift in Sources */,
				16FBA1F42B4BD495001AEBDB /* Project.swift in Sources */,
				16EEB26D2B0BEF7700C340D1 /* ProjectOverviewView.swift in Sources */,
				8FC60F802B3F177B00C8C241 /* DateFormatter.swift in Sources */,
				16C4D50B2B36DDD0007880DF /* CommentCard.swift in Sources */,
				161AA7092B0CD1C7008A59CE /* ImageSlider.swift in Sources */,
				16BF34E32B0B31C00036424B /* Persistence.swift in Sources */,
				8FAEA3DD2B1ACA40009B7E67 /* AppDelegate.swift in Sources */,
				16EEB2592B0BC53200C340D1 /* PostForumView.swift in Sources */,
				16EEB25B2B0BC66900C340D1 /* LongTextField.swift in Sources */,
				16C4D5092B36DD14007880DF /* CommentView.swift in Sources */,
				16F64E662B0BAF3300EF2E15 /* LoginView.swift in Sources */,
				8FC60F7D2B3ECEA400C8C241 /* PostListViewModel.swift in Sources */,
				16F64E522B0B4D5C00EF2E15 /* RectangleCard.swift in Sources */,
				16EEB2672B0BE76C00C340D1 /* SampleInfoView-UNUSED.swift in Sources */,
				16BF34DC2B0B31BF0036424B /* ContentView.swift in Sources */,
				16EEB2692B0BE82400C340D1 /* ProjectPartView.swift in Sources */,
				8FAE74CB2B51E2DB00E48454 /* EditProjectView.swift in Sources */,
				161AA70D2B0E1D2B008A59CE /* PatternTutorialView.swift in Sources */,
				16C4D5052B36C44A007880DF /* Accordion.swift in Sources */,
				8FA5AD372B199BAB0021F53C /* AppManager.swift in Sources */,
				8FC140802B4AA955008AAE90 /* CommentManager.swift in Sources */,
				8FB9052A2B53122C00277182 /* CreateProjectView.swift in Sources */,
				8FA5AD392B199C030021F53C /* Post.swift in Sources */,
				16F64E582B0B765C00EF2E15 /* ProjectsView.swift in Sources */,
				16EEB2612B0BDB4000C340D1 /* ProjectPartCard.swift in Sources */,
				8FC60F7B2B3ECBEE00C8C241 /* PostViewModel.swift in Sources */,
				8FAE74BE2B5140A700E48454 /* ImageViewModel.swift in Sources */,
				161AA70B2B0E1B6B008A59CE /* TermTutorialView.swift in Sources */,
				161AA7112B14800A008A59CE /* MiniTag.swift in Sources */,
				8FAE74C02B5140E600E48454 /* ImagePickerView.swift in Sources */,
				16F64E5E2B0B800000EF2E15 /* ForumView.swift in Sources */,
				16EEB2572B0BBE7300C340D1 /* ShortTextField.swift in Sources */,
				16F64E642B0BAE1200EF2E15 /* SignUpView.swift in Sources */,
				16BF34DA2B0B31BF0036424B /* LoopinApp.swift in Sources */,
				8FA5AD3B2B199EC50021F53C /* Comment.swift in Sources */,
				16FBA1E82B4BC926001AEBDB /* YarnTutorialView.swift in Sources */,
				16FBA1F82B4BD59C001AEBDB /* Gauges.swift in Sources */,
				8FA5AD352B199B3B0021F53C /* User.swift in Sources */,
				16EEB26F2B0C8DAE00C340D1 /* HookTutorialView.swift in Sources */,
				16EEB2652B0BE55900C340D1 /* ProgressBar.swift in Sources */,
				16FBA1EE2B4BCAD5001AEBDB /* PatternTutorialListView.swift in Sources */,
				16FBA1E22B4BC849001AEBDB /* Pattern.swift in Sources */,
				8FAE74C42B5186CA00E48454 /* ImageConverter.swift in Sources */,
				16EEB25D2B0BD2E600C340D1 /* ProjectDetailView.swift in Sources */,
				8FAE74C92B51CDE900E48454 /* ForumCardWithNavigation.swift in Sources */,
			);
			runOnlyForDeploymentPostprocessing = 0;
		};
/* End PBXSourcesBuildPhase section */

/* Begin XCBuildConfiguration section */
		16BF34E72B0B31C00036424B /* Debug */ = {
			isa = XCBuildConfiguration;
			buildSettings = {
				ALWAYS_SEARCH_USER_PATHS = NO;
				CLANG_ADDRESS_SANITIZER_CONTAINER_OVERFLOW = YES;
				CLANG_ANALYZER_NONNULL = YES;
				CLANG_ANALYZER_NUMBER_OBJECT_CONVERSION = YES_AGGRESSIVE;
				CLANG_CXX_LANGUAGE_STANDARD = "gnu++20";
				CLANG_ENABLE_MODULES = YES;
				CLANG_ENABLE_OBJC_ARC = YES;
				CLANG_ENABLE_OBJC_WEAK = YES;
				CLANG_WARN_BLOCK_CAPTURE_AUTORELEASING = YES;
				CLANG_WARN_BOOL_CONVERSION = YES;
				CLANG_WARN_COMMA = YES;
				CLANG_WARN_CONSTANT_CONVERSION = YES;
				CLANG_WARN_DEPRECATED_OBJC_IMPLEMENTATIONS = YES;
				CLANG_WARN_DIRECT_OBJC_ISA_USAGE = YES_ERROR;
				CLANG_WARN_DOCUMENTATION_COMMENTS = YES;
				CLANG_WARN_EMPTY_BODY = YES;
				CLANG_WARN_ENUM_CONVERSION = YES;
				CLANG_WARN_INFINITE_RECURSION = YES;
				CLANG_WARN_INT_CONVERSION = YES;
				CLANG_WARN_NON_LITERAL_NULL_CONVERSION = YES;
				CLANG_WARN_OBJC_IMPLICIT_RETAIN_SELF = YES;
				CLANG_WARN_OBJC_LITERAL_CONVERSION = YES;
				CLANG_WARN_OBJC_ROOT_CLASS = YES_ERROR;
				CLANG_WARN_QUOTED_INCLUDE_IN_FRAMEWORK_HEADER = YES;
				CLANG_WARN_RANGE_LOOP_ANALYSIS = YES;
				CLANG_WARN_STRICT_PROTOTYPES = YES;
				CLANG_WARN_SUSPICIOUS_MOVE = YES;
				CLANG_WARN_UNGUARDED_AVAILABILITY = YES_AGGRESSIVE;
				CLANG_WARN_UNREACHABLE_CODE = YES;
				CLANG_WARN__DUPLICATE_METHOD_MATCH = YES;
				COPY_PHASE_STRIP = NO;
				DEBUG_INFORMATION_FORMAT = dwarf;
				ENABLE_STRICT_OBJC_MSGSEND = YES;
				ENABLE_TESTABILITY = YES;
				GCC_C_LANGUAGE_STANDARD = gnu11;
				GCC_DYNAMIC_NO_PIC = NO;
				GCC_NO_COMMON_BLOCKS = YES;
				GCC_OPTIMIZATION_LEVEL = 0;
				GCC_PREPROCESSOR_DEFINITIONS = (
					"DEBUG=1",
					"$(inherited)",
				);
				GCC_WARN_64_TO_32_BIT_CONVERSION = YES;
				GCC_WARN_ABOUT_RETURN_TYPE = YES_ERROR;
				GCC_WARN_UNDECLARED_SELECTOR = YES;
				GCC_WARN_UNINITIALIZED_AUTOS = YES_AGGRESSIVE;
				GCC_WARN_UNUSED_FUNCTION = YES;
				GCC_WARN_UNUSED_VARIABLE = YES;
				IPHONEOS_DEPLOYMENT_TARGET = 16.4;
				MTL_ENABLE_DEBUG_INFO = INCLUDE_SOURCE;
				MTL_FAST_MATH = YES;
				ONLY_ACTIVE_ARCH = YES;
				SDKROOT = iphoneos;
				SWIFT_ACTIVE_COMPILATION_CONDITIONS = DEBUG;
				SWIFT_OPTIMIZATION_LEVEL = "-Onone";
			};
			name = Debug;
		};
		16BF34E82B0B31C00036424B /* Release */ = {
			isa = XCBuildConfiguration;
			buildSettings = {
				ALWAYS_SEARCH_USER_PATHS = NO;
				CLANG_ADDRESS_SANITIZER_CONTAINER_OVERFLOW = YES;
				CLANG_ANALYZER_NONNULL = YES;
				CLANG_ANALYZER_NUMBER_OBJECT_CONVERSION = YES_AGGRESSIVE;
				CLANG_CXX_LANGUAGE_STANDARD = "gnu++20";
				CLANG_ENABLE_MODULES = YES;
				CLANG_ENABLE_OBJC_ARC = YES;
				CLANG_ENABLE_OBJC_WEAK = YES;
				CLANG_WARN_BLOCK_CAPTURE_AUTORELEASING = YES;
				CLANG_WARN_BOOL_CONVERSION = YES;
				CLANG_WARN_COMMA = YES;
				CLANG_WARN_CONSTANT_CONVERSION = YES;
				CLANG_WARN_DEPRECATED_OBJC_IMPLEMENTATIONS = YES;
				CLANG_WARN_DIRECT_OBJC_ISA_USAGE = YES_ERROR;
				CLANG_WARN_DOCUMENTATION_COMMENTS = YES;
				CLANG_WARN_EMPTY_BODY = YES;
				CLANG_WARN_ENUM_CONVERSION = YES;
				CLANG_WARN_INFINITE_RECURSION = YES;
				CLANG_WARN_INT_CONVERSION = YES;
				CLANG_WARN_NON_LITERAL_NULL_CONVERSION = YES;
				CLANG_WARN_OBJC_IMPLICIT_RETAIN_SELF = YES;
				CLANG_WARN_OBJC_LITERAL_CONVERSION = YES;
				CLANG_WARN_OBJC_ROOT_CLASS = YES_ERROR;
				CLANG_WARN_QUOTED_INCLUDE_IN_FRAMEWORK_HEADER = YES;
				CLANG_WARN_RANGE_LOOP_ANALYSIS = YES;
				CLANG_WARN_STRICT_PROTOTYPES = YES;
				CLANG_WARN_SUSPICIOUS_MOVE = YES;
				CLANG_WARN_UNGUARDED_AVAILABILITY = YES_AGGRESSIVE;
				CLANG_WARN_UNREACHABLE_CODE = YES;
				CLANG_WARN__DUPLICATE_METHOD_MATCH = YES;
				COPY_PHASE_STRIP = NO;
				DEBUG_INFORMATION_FORMAT = "dwarf-with-dsym";
				ENABLE_NS_ASSERTIONS = NO;
				ENABLE_STRICT_OBJC_MSGSEND = YES;
				GCC_C_LANGUAGE_STANDARD = gnu11;
				GCC_NO_COMMON_BLOCKS = YES;
				GCC_WARN_64_TO_32_BIT_CONVERSION = YES;
				GCC_WARN_ABOUT_RETURN_TYPE = YES_ERROR;
				GCC_WARN_UNDECLARED_SELECTOR = YES;
				GCC_WARN_UNINITIALIZED_AUTOS = YES_AGGRESSIVE;
				GCC_WARN_UNUSED_FUNCTION = YES;
				GCC_WARN_UNUSED_VARIABLE = YES;
				IPHONEOS_DEPLOYMENT_TARGET = 16.4;
				MTL_ENABLE_DEBUG_INFO = NO;
				MTL_FAST_MATH = YES;
				SDKROOT = iphoneos;
				SWIFT_COMPILATION_MODE = wholemodule;
				SWIFT_OPTIMIZATION_LEVEL = "-O";
				VALIDATE_PRODUCT = YES;
			};
			name = Release;
		};
		16BF34EA2B0B31C00036424B /* Debug */ = {
			isa = XCBuildConfiguration;
			buildSettings = {
				ASSETCATALOG_COMPILER_APPICON_NAME = AppIcon;
				ASSETCATALOG_COMPILER_GLOBAL_ACCENT_COLOR_NAME = AccentColor;
				CODE_SIGN_STYLE = Automatic;
				CURRENT_PROJECT_VERSION = 1;
				DEVELOPMENT_ASSET_PATHS = "\"Loopin/Preview Content\"";
				DEVELOPMENT_TEAM = 934K9APAT3;
				ENABLE_PREVIEWS = YES;
				GENERATE_INFOPLIST_FILE = YES;
				INFOPLIST_FILE = Loopin/Info.plist;
				INFOPLIST_KEY_UIApplicationSceneManifest_Generation = YES;
				INFOPLIST_KEY_UIApplicationSupportsIndirectInputEvents = YES;
				INFOPLIST_KEY_UILaunchScreen_Generation = YES;
				INFOPLIST_KEY_UISupportedInterfaceOrientations_iPad = "UIInterfaceOrientationPortrait UIInterfaceOrientationPortraitUpsideDown UIInterfaceOrientationLandscapeLeft UIInterfaceOrientationLandscapeRight";
				INFOPLIST_KEY_UISupportedInterfaceOrientations_iPhone = "UIInterfaceOrientationPortrait UIInterfaceOrientationLandscapeLeft UIInterfaceOrientationLandscapeRight";
				IPHONEOS_DEPLOYMENT_TARGET = 16.0;
				LD_RUNPATH_SEARCH_PATHS = (
					"$(inherited)",
					"@executable_path/Frameworks",
				);
				MARKETING_VERSION = 1.0;
				PRODUCT_BUNDLE_IDENTIFIER = binus.Loopin;
				PRODUCT_NAME = "$(TARGET_NAME)";
				SWIFT_EMIT_LOC_STRINGS = YES;
				SWIFT_VERSION = 5.0;
				TARGETED_DEVICE_FAMILY = "1,2";
			};
			name = Debug;
		};
		16BF34EB2B0B31C00036424B /* Release */ = {
			isa = XCBuildConfiguration;
			buildSettings = {
				ASSETCATALOG_COMPILER_APPICON_NAME = AppIcon;
				ASSETCATALOG_COMPILER_GLOBAL_ACCENT_COLOR_NAME = AccentColor;
				CODE_SIGN_STYLE = Automatic;
				CURRENT_PROJECT_VERSION = 1;
				DEVELOPMENT_ASSET_PATHS = "\"Loopin/Preview Content\"";
				DEVELOPMENT_TEAM = 934K9APAT3;
				ENABLE_PREVIEWS = YES;
				GENERATE_INFOPLIST_FILE = YES;
				INFOPLIST_FILE = Loopin/Info.plist;
				INFOPLIST_KEY_UIApplicationSceneManifest_Generation = YES;
				INFOPLIST_KEY_UIApplicationSupportsIndirectInputEvents = YES;
				INFOPLIST_KEY_UILaunchScreen_Generation = YES;
				INFOPLIST_KEY_UISupportedInterfaceOrientations_iPad = "UIInterfaceOrientationPortrait UIInterfaceOrientationPortraitUpsideDown UIInterfaceOrientationLandscapeLeft UIInterfaceOrientationLandscapeRight";
				INFOPLIST_KEY_UISupportedInterfaceOrientations_iPhone = "UIInterfaceOrientationPortrait UIInterfaceOrientationLandscapeLeft UIInterfaceOrientationLandscapeRight";
				IPHONEOS_DEPLOYMENT_TARGET = 16.0;
				LD_RUNPATH_SEARCH_PATHS = (
					"$(inherited)",
					"@executable_path/Frameworks",
				);
				MARKETING_VERSION = 1.0;
				PRODUCT_BUNDLE_IDENTIFIER = binus.Loopin;
				PRODUCT_NAME = "$(TARGET_NAME)";
				SWIFT_EMIT_LOC_STRINGS = YES;
				SWIFT_VERSION = 5.0;
				TARGETED_DEVICE_FAMILY = "1,2";
			};
			name = Release;
		};
/* End XCBuildConfiguration section */

/* Begin XCConfigurationList section */
		16BF34D12B0B31BF0036424B /* Build configuration list for PBXProject "Loopin" */ = {
			isa = XCConfigurationList;
			buildConfigurations = (
				16BF34E72B0B31C00036424B /* Debug */,
				16BF34E82B0B31C00036424B /* Release */,
			);
			defaultConfigurationIsVisible = 0;
			defaultConfigurationName = Release;
		};
		16BF34E92B0B31C00036424B /* Build configuration list for PBXNativeTarget "Loopin" */ = {
			isa = XCConfigurationList;
			buildConfigurations = (
				16BF34EA2B0B31C00036424B /* Debug */,
				16BF34EB2B0B31C00036424B /* Release */,
			);
			defaultConfigurationIsVisible = 0;
			defaultConfigurationName = Release;
		};
/* End XCConfigurationList section */

/* Begin XCRemoteSwiftPackageReference section */
		161AA7132B1492CF008A59CE /* XCRemoteSwiftPackageReference "WrappingHStack" */ = {
			isa = XCRemoteSwiftPackageReference;
			repositoryURL = "https://github.com/dkk/WrappingHStack";
			requirement = {
				kind = upToNextMajorVersion;
				minimumVersion = 2.0.0;
			};
		};
		8FAE74C52B51A15D00E48454 /* XCRemoteSwiftPackageReference "SDWebImageSwiftUI" */ = {
			isa = XCRemoteSwiftPackageReference;
			repositoryURL = "https://github.com/SDWebImage/SDWebImageSwiftUI.git";
			requirement = {
				kind = upToNextMajorVersion;
				minimumVersion = 2.0.0;
			};
		};
		8FAEA3D72B1A41A3009B7E67 /* XCRemoteSwiftPackageReference "firebase-ios-sdk" */ = {
			isa = XCRemoteSwiftPackageReference;
			repositoryURL = "https://github.com/firebase/firebase-ios-sdk.git";
			requirement = {
				kind = upToNextMajorVersion;
				minimumVersion = 10.0.0;
			};
		};
/* End XCRemoteSwiftPackageReference section */

/* Begin XCSwiftPackageProductDependency section */
		161AA7142B1492CF008A59CE /* WrappingHStack */ = {
			isa = XCSwiftPackageProductDependency;
			package = 161AA7132B1492CF008A59CE /* XCRemoteSwiftPackageReference "WrappingHStack" */;
			productName = WrappingHStack;
		};
		8FAE74BB2B51405D00E48454 /* FirebaseStorage */ = {
			isa = XCSwiftPackageProductDependency;
			package = 8FAEA3D72B1A41A3009B7E67 /* XCRemoteSwiftPackageReference "firebase-ios-sdk" */;
			productName = FirebaseStorage;
		};
		8FAE74C62B51A15D00E48454 /* SDWebImageSwiftUI */ = {
			isa = XCSwiftPackageProductDependency;
			package = 8FAE74C52B51A15D00E48454 /* XCRemoteSwiftPackageReference "SDWebImageSwiftUI" */;
			productName = SDWebImageSwiftUI;
		};
		8FAEA3D82B1A41A3009B7E67 /* FirebaseAnalytics */ = {
			isa = XCSwiftPackageProductDependency;
			package = 8FAEA3D72B1A41A3009B7E67 /* XCRemoteSwiftPackageReference "firebase-ios-sdk" */;
			productName = FirebaseAnalytics;
		};
		8FAEA3DA2B1A41A3009B7E67 /* FirebaseAuth */ = {
			isa = XCSwiftPackageProductDependency;
			package = 8FAEA3D72B1A41A3009B7E67 /* XCRemoteSwiftPackageReference "firebase-ios-sdk" */;
			productName = FirebaseAuth;
		};
		8FC60F712B39FB7200C8C241 /* FirebaseFirestore */ = {
			isa = XCSwiftPackageProductDependency;
			package = 8FAEA3D72B1A41A3009B7E67 /* XCRemoteSwiftPackageReference "firebase-ios-sdk" */;
			productName = FirebaseFirestore;
		};
		8FC60F732B39FB7900C8C241 /* FirebaseFirestoreSwift */ = {
			isa = XCSwiftPackageProductDependency;
			package = 8FAEA3D72B1A41A3009B7E67 /* XCRemoteSwiftPackageReference "firebase-ios-sdk" */;
			productName = FirebaseFirestoreSwift;
		};
/* End XCSwiftPackageProductDependency section */

/* Begin XCVersionGroup section */
		16BF34E42B0B31C00036424B /* Loopin.xcdatamodeld */ = {
			isa = XCVersionGroup;
			children = (
				16BF34E52B0B31C00036424B /* Loopin.xcdatamodel */,
			);
			currentVersion = 16BF34E52B0B31C00036424B /* Loopin.xcdatamodel */;
			path = Loopin.xcdatamodeld;
			sourceTree = "<group>";
			versionGroupType = wrapper.xcdatamodel;
		};
/* End XCVersionGroup section */
	};
	rootObject = 16BF34CE2B0B31BF0036424B /* Project object */;
}
